PODS:
  - FlutterMacOS (1.0.0)
  - oimg_rust (0.0.1):
    - FlutterMacOS

DEPENDENCIES:
  - FlutterMacOS (from `Flutter/ephemeral`)
  - oimg_rust (from `Flutter/ephemeral/.symlinks/plugins/oimg_rust/macos`)

EXTERNAL SOURCES:
  FlutterMacOS:
    :path: Flutter/ephemeral
  oimg_rust:
    :path: Flutter/ephemeral/.symlinks/plugins/oimg_rust/macos

SPEC CHECKSUMS:
  FlutterMacOS: d0db08ddef1a9af05a5ec4b724367152bb0500b1
  oimg_rust: 7fb150747a277dae6917b6c932b2cdd890e95dd9

PODFILE CHECKSUM: 54d867c82ac51cbd61b565781b9fada492027009

COCOAPODS: 1.16.2
